
Microsoft Visual Studio Solution File, Format Version 12.00
# Visual Studio Version 17
VisualStudioVersion = 17.5.002.0
MinimumVisualStudioVersion = 10.0.40219.1
Project("{9A19103F-16F7-4668-BE54-9A1E7A4F7556}") = "4-API_tarefas", "4-API_tarefas.csproj", "{03AAB467-AA8B-4734-862B-8AC01E7D423C}"
EndProject
Global
	GlobalSection(SolutionConfigurationPlatforms) = preSolution
		Debug|Any CPU = Debug|Any CPU
		Release|Any CPU = Release|Any CPU
	EndGlobalSection
	GlobalSection(ProjectConfigurationPlatforms) = postSolution
		{03AAB467-AA8B-4734-862B-8AC01E7D423C}.Debug|Any CPU.ActiveCfg = Debug|Any CPU
		{03AAB467-AA8B-4734-862B-8AC01E7D423C}.Debug|Any CPU.Build.0 = Debug|Any CPU
		{03AAB467-AA8B-4734-862B-8AC01E7D423C}.Release|Any CPU.ActiveCfg = Release|Any CPU
		{03AAB467-AA8B-4734-862B-8AC01E7D423C}.Release|Any CPU.Build.0 = Release|Any CPU
	EndGlobalSection
	GlobalSection(SolutionProperties) = preSolution
		HideSolutionNode = FALSE
	EndGlobalSection
	GlobalSection(ExtensibilityGlobals) = postSolution
		SolutionGuid = {99704BEE-2CEF-4D4F-8710-FB725E740DBD}
	EndGlobalSection
EndGlobal
